PODS:
  - GFFoundation (0.1.0):
    - GFFoundation/Bridge (= 0.1.0)
    - GFFoundation/Test (= 0.1.0)
  - GFFoundation/Bridge (0.1.0)
  - GFFoundation/Test (0.1.0)

DEPENDENCIES:
  - GFFoundation (from `../`)

EXTERNAL SOURCES:
  GFFoundation:
    :path: "../"

SPEC CHECKSUMS:
  GFFoundation: 97ad2ae534a07fca519632bf85f7a91bb1c9ac08

PODFILE CHECKSUM: af1f4b6b6a0bf83c35a77916b0b766135b580092

COCOAPODS: 1.9.3
